
Microsoft Visual Studio Solution File, Format Version 12.00
# Visual Studio Version 17
VisualStudioVersion = 17.13.35931.197
MinimumVisualStudioVersion = 10.0.40219.1
Project("{FAE04EC0-301F-11D3-BF4B-00C04F79EFBC}") = "OFDViewer", "OfdViewer\OFDViewer.csproj", "{C236215D-4399-4230-853A-CA36880CCE12}"
EndProject
Project("{FAE04EC0-301F-11D3-BF4B-00C04F79EFBC}") = "OFDViewer.Tests", "OfdViewer.Test\OFDViewer.Tests.csproj", "{916C1AB9-26AE-4EFA-A834-B17B85B12D85}"
EndProject
Project("{FAE04EC0-301F-11D3-BF4B-00C04F79EFBC}") = "OfdViewer.WPF", "OfdViewer.WPF\OfdViewer.WPF.csproj", "{1200BD5B-B843-4BC9-B2F3-95513BF25DF6}"
EndProject
Project("{FAE04EC0-301F-11D3-BF4B-00C04F79EFBC}") = "OfdViewer.WinForm", "OfdViewer.WinForm\OfdViewer.WinForm.csproj", "{E3E9E5EA-295C-4CD2-A355-58DF0F12666E}"
EndProject
Project("{FAE04EC0-301F-11D3-BF4B-00C04F79EFBC}") = "OfdViewer.WinForm.Test", "OfdViewer.WinForm.Test\OfdViewer.WinForm.Test.csproj", "{E07AD28B-5DE5-41B2-BE1B-BAF64CC267F4}"
EndProject
Project("{FAE04EC0-301F-11D3-BF4B-00C04F79EFBC}") = "OfdViewer.WPF.Test", "OfdViewer.WPF.Test\OfdViewer.WPF.Test.csproj", "{1860F43A-9793-4E37-8BA2-10097061CD34}"
EndProject
Project("{2150E333-8FDC-42A3-9474-1A3956D46DE8}") = "Test", "Test", "{02EA681E-C7D8-13C7-8484-4AC65E1B71E8}"
EndProject
Global
	GlobalSection(SolutionConfigurationPlatforms) = preSolution
		Debug|Any CPU = Debug|Any CPU
		Debug|x64 = Debug|x64
		Debug|x86 = Debug|x86
		Release|Any CPU = Release|Any CPU
		Release|x64 = Release|x64
		Release|x86 = Release|x86
	EndGlobalSection
	GlobalSection(ProjectConfigurationPlatforms) = postSolution
		{C236215D-4399-4230-853A-CA36880CCE12}.Debug|Any CPU.ActiveCfg = Debug|Any CPU
		{C236215D-4399-4230-853A-CA36880CCE12}.Debug|Any CPU.Build.0 = Debug|Any CPU
		{C236215D-4399-4230-853A-CA36880CCE12}.Debug|x64.ActiveCfg = Debug|Any CPU
		{C236215D-4399-4230-853A-CA36880CCE12}.Debug|x64.Build.0 = Debug|Any CPU
		{C236215D-4399-4230-853A-CA36880CCE12}.Debug|x86.ActiveCfg = Debug|Any CPU
		{C236215D-4399-4230-853A-CA36880CCE12}.Debug|x86.Build.0 = Debug|Any CPU
		{C236215D-4399-4230-853A-CA36880CCE12}.Release|Any CPU.ActiveCfg = Release|Any CPU
		{C236215D-4399-4230-853A-CA36880CCE12}.Release|Any CPU.Build.0 = Release|Any CPU
		{C236215D-4399-4230-853A-CA36880CCE12}.Release|x64.ActiveCfg = Release|Any CPU
		{C236215D-4399-4230-853A-CA36880CCE12}.Release|x64.Build.0 = Release|Any CPU
		{C236215D-4399-4230-853A-CA36880CCE12}.Release|x86.ActiveCfg = Release|Any CPU
		{C236215D-4399-4230-853A-CA36880CCE12}.Release|x86.Build.0 = Release|Any CPU
		{916C1AB9-26AE-4EFA-A834-B17B85B12D85}.Debug|Any CPU.ActiveCfg = Debug|Any CPU
		{916C1AB9-26AE-4EFA-A834-B17B85B12D85}.Debug|Any CPU.Build.0 = Debug|Any CPU
		{916C1AB9-26AE-4EFA-A834-B17B85B12D85}.Debug|x64.ActiveCfg = Debug|Any CPU
		{916C1AB9-26AE-4EFA-A834-B17B85B12D85}.Debug|x64.Build.0 = Debug|Any CPU
		{916C1AB9-26AE-4EFA-A834-B17B85B12D85}.Debug|x86.ActiveCfg = Debug|Any CPU
		{916C1AB9-26AE-4EFA-A834-B17B85B12D85}.Debug|x86.Build.0 = Debug|Any CPU
		{916C1AB9-26AE-4EFA-A834-B17B85B12D85}.Release|Any CPU.ActiveCfg = Release|Any CPU
		{916C1AB9-26AE-4EFA-A834-B17B85B12D85}.Release|Any CPU.Build.0 = Release|Any CPU
		{916C1AB9-26AE-4EFA-A834-B17B85B12D85}.Release|x64.ActiveCfg = Release|Any CPU
		{916C1AB9-26AE-4EFA-A834-B17B85B12D85}.Release|x64.Build.0 = Release|Any CPU
		{916C1AB9-26AE-4EFA-A834-B17B85B12D85}.Release|x86.ActiveCfg = Release|Any CPU
		{916C1AB9-26AE-4EFA-A834-B17B85B12D85}.Release|x86.Build.0 = Release|Any CPU
		{1200BD5B-B843-4BC9-B2F3-95513BF25DF6}.Debug|Any CPU.ActiveCfg = Debug|Any CPU
		{1200BD5B-B843-4BC9-B2F3-95513BF25DF6}.Debug|Any CPU.Build.0 = Debug|Any CPU
		{1200BD5B-B843-4BC9-B2F3-95513BF25DF6}.Debug|x64.ActiveCfg = Debug|Any CPU
		{1200BD5B-B843-4BC9-B2F3-95513BF25DF6}.Debug|x64.Build.0 = Debug|Any CPU
		{1200BD5B-B843-4BC9-B2F3-95513BF25DF6}.Debug|x86.ActiveCfg = Debug|Any CPU
		{1200BD5B-B843-4BC9-B2F3-95513BF25DF6}.Debug|x86.Build.0 = Debug|Any CPU
		{1200BD5B-B843-4BC9-B2F3-95513BF25DF6}.Release|Any CPU.ActiveCfg = Release|Any CPU
		{1200BD5B-B843-4BC9-B2F3-95513BF25DF6}.Release|Any CPU.Build.0 = Release|Any CPU
		{1200BD5B-B843-4BC9-B2F3-95513BF25DF6}.Release|x64.ActiveCfg = Release|Any CPU
		{1200BD5B-B843-4BC9-B2F3-95513BF25DF6}.Release|x64.Build.0 = Release|Any CPU
		{1200BD5B-B843-4BC9-B2F3-95513BF25DF6}.Release|x86.ActiveCfg = Release|Any CPU
		{1200BD5B-B843-4BC9-B2F3-95513BF25DF6}.Release|x86.Build.0 = Release|Any CPU
		{E3E9E5EA-295C-4CD2-A355-58DF0F12666E}.Debug|Any CPU.ActiveCfg = Debug|Any CPU
		{E3E9E5EA-295C-4CD2-A355-58DF0F12666E}.Debug|Any CPU.Build.0 = Debug|Any CPU
		{E3E9E5EA-295C-4CD2-A355-58DF0F12666E}.Debug|x64.ActiveCfg = Debug|Any CPU
		{E3E9E5EA-295C-4CD2-A355-58DF0F12666E}.Debug|x64.Build.0 = Debug|Any CPU
		{E3E9E5EA-295C-4CD2-A355-58DF0F12666E}.Debug|x86.ActiveCfg = Debug|Any CPU
		{E3E9E5EA-295C-4CD2-A355-58DF0F12666E}.Debug|x86.Build.0 = Debug|Any CPU
		{E3E9E5EA-295C-4CD2-A355-58DF0F12666E}.Release|Any CPU.ActiveCfg = Release|Any CPU
		{E3E9E5EA-295C-4CD2-A355-58DF0F12666E}.Release|Any CPU.Build.0 = Release|Any CPU
		{E3E9E5EA-295C-4CD2-A355-58DF0F12666E}.Release|x64.ActiveCfg = Release|Any CPU
		{E3E9E5EA-295C-4CD2-A355-58DF0F12666E}.Release|x64.Build.0 = Release|Any CPU
		{E3E9E5EA-295C-4CD2-A355-58DF0F12666E}.Release|x86.ActiveCfg = Release|Any CPU
		{E3E9E5EA-295C-4CD2-A355-58DF0F12666E}.Release|x86.Build.0 = Release|Any CPU
		{E07AD28B-5DE5-41B2-BE1B-BAF64CC267F4}.Debug|Any CPU.ActiveCfg = Debug|Any CPU
		{E07AD28B-5DE5-41B2-BE1B-BAF64CC267F4}.Debug|Any CPU.Build.0 = Debug|Any CPU
		{E07AD28B-5DE5-41B2-BE1B-BAF64CC267F4}.Debug|x64.ActiveCfg = Debug|Any CPU
		{E07AD28B-5DE5-41B2-BE1B-BAF64CC267F4}.Debug|x64.Build.0 = Debug|Any CPU
		{E07AD28B-5DE5-41B2-BE1B-BAF64CC267F4}.Debug|x86.ActiveCfg = Debug|Any CPU
		{E07AD28B-5DE5-41B2-BE1B-BAF64CC267F4}.Debug|x86.Build.0 = Debug|Any CPU
		{E07AD28B-5DE5-41B2-BE1B-BAF64CC267F4}.Release|Any CPU.ActiveCfg = Release|Any CPU
		{E07AD28B-5DE5-41B2-BE1B-BAF64CC267F4}.Release|Any CPU.Build.0 = Release|Any CPU
		{E07AD28B-5DE5-41B2-BE1B-BAF64CC267F4}.Release|x64.ActiveCfg = Release|Any CPU
		{E07AD28B-5DE5-41B2-BE1B-BAF64CC267F4}.Release|x64.Build.0 = Release|Any CPU
		{E07AD28B-5DE5-41B2-BE1B-BAF64CC267F4}.Release|x86.ActiveCfg = Release|Any CPU
		{E07AD28B-5DE5-41B2-BE1B-BAF64CC267F4}.Release|x86.Build.0 = Release|Any CPU
		{1860F43A-9793-4E37-8BA2-10097061CD34}.Debug|Any CPU.ActiveCfg = Debug|Any CPU
		{1860F43A-9793-4E37-8BA2-10097061CD34}.Debug|Any CPU.Build.0 = Debug|Any CPU
		{1860F43A-9793-4E37-8BA2-10097061CD34}.Debug|x64.ActiveCfg = Debug|Any CPU
		{1860F43A-9793-4E37-8BA2-10097061CD34}.Debug|x64.Build.0 = Debug|Any CPU
		{1860F43A-9793-4E37-8BA2-10097061CD34}.Debug|x86.ActiveCfg = Debug|Any CPU
		{1860F43A-9793-4E37-8BA2-10097061CD34}.Debug|x86.Build.0 = Debug|Any CPU
		{1860F43A-9793-4E37-8BA2-10097061CD34}.Release|Any CPU.ActiveCfg = Release|Any CPU
		{1860F43A-9793-4E37-8BA2-10097061CD34}.Release|Any CPU.Build.0 = Release|Any CPU
		{1860F43A-9793-4E37-8BA2-10097061CD34}.Release|x64.ActiveCfg = Release|Any CPU
		{1860F43A-9793-4E37-8BA2-10097061CD34}.Release|x64.Build.0 = Release|Any CPU
		{1860F43A-9793-4E37-8BA2-10097061CD34}.Release|x86.ActiveCfg = Release|Any CPU
		{1860F43A-9793-4E37-8BA2-10097061CD34}.Release|x86.Build.0 = Release|Any CPU
	EndGlobalSection
	GlobalSection(SolutionProperties) = preSolution
		HideSolutionNode = FALSE
	EndGlobalSection
	GlobalSection(NestedProjects) = preSolution
		{916C1AB9-26AE-4EFA-A834-B17B85B12D85} = {02EA681E-C7D8-13C7-8484-4AC65E1B71E8}
		{E07AD28B-5DE5-41B2-BE1B-BAF64CC267F4} = {02EA681E-C7D8-13C7-8484-4AC65E1B71E8}
		{1860F43A-9793-4E37-8BA2-10097061CD34} = {02EA681E-C7D8-13C7-8484-4AC65E1B71E8}
	EndGlobalSection
	GlobalSection(ExtensibilityGlobals) = postSolution
		SolutionGuid = {D05CF049-9363-492B-ABCA-52297A3D2855}
	EndGlobalSection
EndGlobal
